// !$*UTF8*$!
{
	archiveVersion = 1;
	classes = {
	};
	objectVersion = 46;
	objects = {

/* Begin PBXBuildFile section */
		06031F131C39A85E002EA52F /* MapKit.framework in Frameworks */ = {isa = PBXBuildFile; fileRef = 06031F121C39A85E002EA52F /* MapKit.framework */; };
		06031F151C39A869002EA52F /* CoreLocation.framework in Frameworks */ = {isa = PBXBuildFile; fileRef = 06031F141C39A869002EA52F /* CoreLocation.framework */; };
		06031F181C39AA0E002EA52F /* RouteViewController.m in Sources */ = {isa = PBXBuildFile; fileRef = 06031F171C39AA0E002EA52F /* RouteViewController.m */; };
		06031F1B1C39AE8B002EA52F /* Waypoint.m in Sources */ = {isa = PBXBuildFile; fileRef = 06031F1A1C39AE8B002EA52F /* Waypoint.m */; };
		0603F17C1C8535AB00867A06 /* WaypointsOverlay.m in Sources */ = {isa = PBXBuildFile; fileRef = 0603F17B1C8535AB00867A06 /* WaypointsOverlay.m */; };
		0628E0F21C32F4CE00640110 /* main.m in Sources */ = {isa = PBXBuildFile; fileRef = 0628E0F11C32F4CE00640110 /* main.m */; };
		0628E0F51C32F4CE00640110 /* AppDelegate.m in Sources */ = {isa = PBXBuildFile; fileRef = 0628E0F41C32F4CE00640110 /* AppDelegate.m */; };
		0628E0F81C32F4CE00640110 /* ViewController.m in Sources */ = {isa = PBXBuildFile; fileRef = 0628E0F71C32F4CE00640110 /* ViewController.m */; };
		0628E0FB1C32F4CE00640110 /* Main.storyboard in Resources */ = {isa = PBXBuildFile; fileRef = 0628E0F91C32F4CE00640110 /* Main.storyboard */; };
		0628E0FD1C32F4CE00640110 /* Assets.xcassets in Resources */ = {isa = PBXBuildFile; fileRef = 0628E0FC1C32F4CE00640110 /* Assets.xcassets */; };
		0628E1001C32F4CE00640110 /* LaunchScreen.storyboard in Resources */ = {isa = PBXBuildFile; fileRef = 0628E0FE1C32F4CE00640110 /* LaunchScreen.storyboard */; };
		062CFAFD1C83953D00B56210 /* SnapshotMapView.m in Sources */ = {isa = PBXBuildFile; fileRef = 062CFAFC1C83953D00B56210 /* SnapshotMapView.m */; };
		062CFB031C83AA7C00B56210 /* SnapshotAnnotationView.m in Sources */ = {isa = PBXBuildFile; fileRef = 062CFB021C83AA7C00B56210 /* SnapshotAnnotationView.m */; };
		0639B3331C488A040084EF76 /* VectorPlotControl.m in Sources */ = {isa = PBXBuildFile; fileRef = 0639B3321C488A040084EF76 /* VectorPlotControl.m */; };
		06565B591C331EA3008919CF /* ThumbStickControl.m in Sources */ = {isa = PBXBuildFile; fileRef = 06565B581C331EA3008919CF /* ThumbStickControl.m */; };
		066588651C407A5200EB5E40 /* PointPlotControl.m in Sources */ = {isa = PBXBuildFile; fileRef = 066588641C407A5200EB5E40 /* PointPlotControl.m */; };
		066588681C40D17000EB5E40 /* diagnosticViewController.m in Sources */ = {isa = PBXBuildFile; fileRef = 066588671C40D17000EB5E40 /* diagnosticViewController.m */; };
		0665886B1C40D28400EB5E40 /* SensorReadings.m in Sources */ = {isa = PBXBuildFile; fileRef = 0665886A1C40D28400EB5E40 /* SensorReadings.m */; };
		0665886E1C43428700EB5E40 /* Errors.m in Sources */ = {isa = PBXBuildFile; fileRef = 0665886D1C43428700EB5E40 /* Errors.m */; };
		06F9654C1C83EF6200A7D304 /* SparkFont.ttf in Resources */ = {isa = PBXBuildFile; fileRef = 06F9654B1C83EF6200A7D304 /* SparkFont.ttf */; };
/* End PBXBuildFile section */

/* Begin PBXFileReference section */
		06031F121C39A85E002EA52F /* MapKit.framework */ = {isa = PBXFileReference; lastKnownFileType = wrapper.framework; name = MapKit.framework; path = System/Library/Frameworks/MapKit.framework; sourceTree = SDKROOT; };
		06031F141C39A869002EA52F /* CoreLocation.framework */ = {isa = PBXFileReference; lastKnownFileType = wrapper.framework; name = CoreLocation.framework; path = System/Library/Frameworks/CoreLocation.framework; sourceTree = SDKROOT; };
		06031F161C39AA0E002EA52F /* RouteViewController.h */ = {isa = PBXFileReference; fileEncoding = 4; lastKnownFileType = sourcecode.c.h; path = RouteViewController.h; sourceTree = "<group>"; };
		06031F171C39AA0E002EA52F /* RouteViewController.m */ = {isa = PBXFileReference; fileEncoding = 4; lastKnownFileType = sourcecode.c.objc; path = RouteViewController.m; sourceTree = "<group>"; };
		06031F191C39AE8B002EA52F /* Waypoint.h */ = {isa = PBXFileReference; fileEncoding = 4; lastKnownFileType = sourcecode.c.h; path = Waypoint.h; sourceTree = "<group>"; };
		06031F1A1C39AE8B002EA52F /* Waypoint.m */ = {isa = PBXFileReference; fileEncoding = 4; lastKnownFileType = sourcecode.c.objc; path = Waypoint.m; sourceTree = "<group>"; };
		0603F17A1C8535AB00867A06 /* WaypointsOverlay.h */ = {isa = PBXFileReference; fileEncoding = 4; lastKnownFileType = sourcecode.c.h; path = WaypointsOverlay.h; sourceTree = "<group>"; };
		0603F17B1C8535AB00867A06 /* WaypointsOverlay.m */ = {isa = PBXFileReference; fileEncoding = 4; lastKnownFileType = sourcecode.c.objc; path = WaypointsOverlay.m; sourceTree = "<group>"; };
		0628E0ED1C32F4CE00640110 /* AVC Controller.app */ = {isa = PBXFileReference; explicitFileType = wrapper.application; includeInIndex = 0; path = "AVC Controller.app"; sourceTree = BUILT_PRODUCTS_DIR; };
		0628E0F11C32F4CE00640110 /* main.m */ = {isa = PBXFileReference; lastKnownFileType = sourcecode.c.objc; path = main.m; sourceTree = "<group>"; };
		0628E0F31C32F4CE00640110 /* AppDelegate.h */ = {isa = PBXFileReference; lastKnownFileType = sourcecode.c.h; path = AppDelegate.h; sourceTree = "<group>"; };
		0628E0F41C32F4CE00640110 /* AppDelegate.m */ = {isa = PBXFileReference; lastKnownFileType = sourcecode.c.objc; path = AppDelegate.m; sourceTree = "<group>"; };
		0628E0F61C32F4CE00640110 /* ViewController.h */ = {isa = PBXFileReference; lastKnownFileType = sourcecode.c.h; path = ViewController.h; sourceTree = "<group>"; };
		0628E0F71C32F4CE00640110 /* ViewController.m */ = {isa = PBXFileReference; lastKnownFileType = sourcecode.c.objc; path = ViewController.m; sourceTree = "<group>"; };
		0628E0FA1C32F4CE00640110 /* Base */ = {isa = PBXFileReference; lastKnownFileType = file.storyboard; name = Base; path = Base.lproj/Main.storyboard; sourceTree = "<group>"; };
		0628E0FC1C32F4CE00640110 /* Assets.xcassets */ = {isa = PBXFileReference; lastKnownFileType = folder.assetcatalog; path = Assets.xcassets; sourceTree = "<group>"; };
		0628E0FF1C32F4CE00640110 /* Base */ = {isa = PBXFileReference; lastKnownFileType = file.storyboard; name = Base; path = Base.lproj/LaunchScreen.storyboard; sourceTree = "<group>"; };
		0628E1011C32F4CE00640110 /* Info.plist */ = {isa = PBXFileReference; lastKnownFileType = text.plist.xml; path = Info.plist; sourceTree = "<group>"; };
		062CFAFB1C83953D00B56210 /* SnapshotMapView.h */ = {isa = PBXFileReference; fileEncoding = 4; lastKnownFileType = sourcecode.c.h; path = SnapshotMapView.h; sourceTree = "<group>"; };
		062CFAFC1C83953D00B56210 /* SnapshotMapView.m */ = {isa = PBXFileReference; fileEncoding = 4; lastKnownFileType = sourcecode.c.objc; path = SnapshotMapView.m; sourceTree = "<group>"; };
		062CFB011C83AA7C00B56210 /* SnapshotAnnotationView.h */ = {isa = PBXFileReference; fileEncoding = 4; lastKnownFileType = sourcecode.c.h; path = SnapshotAnnotationView.h; sourceTree = "<group>"; };
		062CFB021C83AA7C00B56210 /* SnapshotAnnotationView.m */ = {isa = PBXFileReference; fileEncoding = 4; lastKnownFileType = sourcecode.c.objc; path = SnapshotAnnotationView.m; sourceTree = "<group>"; };
		0639B3311C488A040084EF76 /* VectorPlotControl.h */ = {isa = PBXFileReference; fileEncoding = 4; lastKnownFileType = sourcecode.c.h; path = VectorPlotControl.h; sourceTree = "<group>"; };
		0639B3321C488A040084EF76 /* VectorPlotControl.m */ = {isa = PBXFileReference; fileEncoding = 4; lastKnownFileType = sourcecode.c.objc; path = VectorPlotControl.m; sourceTree = "<group>"; };
		06565B571C331EA3008919CF /* ThumbStickControl.h */ = {isa = PBXFileReference; fileEncoding = 4; lastKnownFileType = sourcecode.c.h; path = ThumbStickControl.h; sourceTree = "<group>"; };
		06565B581C331EA3008919CF /* ThumbStickControl.m */ = {isa = PBXFileReference; fileEncoding = 4; lastKnownFileType = sourcecode.c.objc; path = ThumbStickControl.m; sourceTree = "<group>"; };
		066588631C407A5200EB5E40 /* PointPlotControl.h */ = {isa = PBXFileReference; fileEncoding = 4; lastKnownFileType = sourcecode.c.h; path = PointPlotControl.h; sourceTree = "<group>"; };
		066588641C407A5200EB5E40 /* PointPlotControl.m */ = {isa = PBXFileReference; fileEncoding = 4; lastKnownFileType = sourcecode.c.objc; path = PointPlotControl.m; sourceTree = "<group>"; };
		066588661C40D17000EB5E40 /* diagnosticViewController.h */ = {isa = PBXFileReference; fileEncoding = 4; lastKnownFileType = sourcecode.c.h; path = diagnosticViewController.h; sourceTree = "<group>"; };
		066588671C40D17000EB5E40 /* diagnosticViewController.m */ = {isa = PBXFileReference; fileEncoding = 4; lastKnownFileType = sourcecode.c.objc; path = diagnosticViewController.m; sourceTree = "<group>"; };
		066588691C40D28400EB5E40 /* SensorReadings.h */ = {isa = PBXFileReference; fileEncoding = 4; lastKnownFileType = sourcecode.c.h; path = SensorReadings.h; sourceTree = "<group>"; };
		0665886A1C40D28400EB5E40 /* SensorReadings.m */ = {isa = PBXFileReference; fileEncoding = 4; lastKnownFileType = sourcecode.c.objc; path = SensorReadings.m; sourceTree = "<group>"; };
		0665886C1C43428700EB5E40 /* Errors.h */ = {isa = PBXFileReference; fileEncoding = 4; lastKnownFileType = sourcecode.c.h; path = Errors.h; sourceTree = "<group>"; };
		0665886D1C43428700EB5E40 /* Errors.m */ = {isa = PBXFileReference; fileEncoding = 4; lastKnownFileType = sourcecode.c.objc; path = Errors.m; sourceTree = "<group>"; };
		06A798CF1C3A0A47006897E8 /* clientAddress.h */ = {isa = PBXFileReference; lastKnownFileType = sourcecode.c.h; path = clientAddress.h; sourceTree = "<group>"; };
		06F9654B1C83EF6200A7D304 /* SparkFont.ttf */ = {isa = PBXFileReference; lastKnownFileType = file; path = SparkFont.ttf; sourceTree = "<group>"; };
/* End PBXFileReference section */

/* Begin PBXFrameworksBuildPhase section */
		0628E0EA1C32F4CE00640110 /* Frameworks */ = {
			isa = PBXFrameworksBuildPhase;
			buildActionMask = 2147483647;
			files = (
				06031F151C39A869002EA52F /* CoreLocation.framework in Frameworks */,
				06031F131C39A85E002EA52F /* MapKit.framework in Frameworks */,
			);
			runOnlyForDeploymentPostprocessing = 0;
		};
/* End PBXFrameworksBuildPhase section */

/* Begin PBXGroup section */
		0603F1791C8534E300867A06 /* Models */ = {
			isa = PBXGroup;
			children = (
				0603F17A1C8535AB00867A06 /* WaypointsOverlay.h */,
				0603F17B1C8535AB00867A06 /* WaypointsOverlay.m */,
			);
			name = Models;
			sourceTree = "<group>";
		};
		0628E0E41C32F4CE00640110 = {
			isa = PBXGroup;
			children = (
				06031F141C39A869002EA52F /* CoreLocation.framework */,
				06031F121C39A85E002EA52F /* MapKit.framework */,
				0628E0EF1C32F4CE00640110 /* AVC Controller */,
				0628E0EE1C32F4CE00640110 /* Products */,
			);
			sourceTree = "<group>";
		};
		0628E0EE1C32F4CE00640110 /* Products */ = {
			isa = PBXGroup;
			children = (
				0628E0ED1C32F4CE00640110 /* AVC Controller.app */,
			);
			name = Products;
			sourceTree = "<group>";
		};
		0628E0EF1C32F4CE00640110 /* AVC Controller */ = {
			isa = PBXGroup;
			children = (
				0603F1791C8534E300867A06 /* Models */,
				06F9654B1C83EF6200A7D304 /* SparkFont.ttf */,
				066588621C4079EB00EB5E40 /* controls */,
				0628E0F31C32F4CE00640110 /* AppDelegate.h */,
				0628E0F41C32F4CE00640110 /* AppDelegate.m */,
				0628E0F61C32F4CE00640110 /* ViewController.h */,
				0628E0F71C32F4CE00640110 /* ViewController.m */,
				0628E0F91C32F4CE00640110 /* Main.storyboard */,
				0628E0FC1C32F4CE00640110 /* Assets.xcassets */,
				0628E0FE1C32F4CE00640110 /* LaunchScreen.storyboard */,
				0628E1011C32F4CE00640110 /* Info.plist */,
				0628E0F01C32F4CE00640110 /* Supporting Files */,
				06031F161C39AA0E002EA52F /* RouteViewController.h */,
				06031F171C39AA0E002EA52F /* RouteViewController.m */,
				06031F191C39AE8B002EA52F /* Waypoint.h */,
				06031F1A1C39AE8B002EA52F /* Waypoint.m */,
				06A798CF1C3A0A47006897E8 /* clientAddress.h */,
				066588661C40D17000EB5E40 /* diagnosticViewController.h */,
				066588671C40D17000EB5E40 /* diagnosticViewController.m */,
				066588691C40D28400EB5E40 /* SensorReadings.h */,
				0665886A1C40D28400EB5E40 /* SensorReadings.m */,
				0665886C1C43428700EB5E40 /* Errors.h */,
				0665886D1C43428700EB5E40 /* Errors.m */,
			);
			path = "AVC Controller";
			sourceTree = "<group>";
		};
		0628E0F01C32F4CE00640110 /* Supporting Files */ = {
			isa = PBXGroup;
			children = (
				0628E0F11C32F4CE00640110 /* main.m */,
			);
			name = "Supporting Files";
			sourceTree = "<group>";
		};
		066588621C4079EB00EB5E40 /* controls */ = {
			isa = PBXGroup;
			children = (
				06565B571C331EA3008919CF /* ThumbStickControl.h */,
				06565B581C331EA3008919CF /* ThumbStickControl.m */,
				066588631C407A5200EB5E40 /* PointPlotControl.h */,
				066588641C407A5200EB5E40 /* PointPlotControl.m */,
				0639B3311C488A040084EF76 /* VectorPlotControl.h */,
				0639B3321C488A040084EF76 /* VectorPlotControl.m */,
				062CFAFB1C83953D00B56210 /* SnapshotMapView.h */,
				062CFAFC1C83953D00B56210 /* SnapshotMapView.m */,
				062CFB011C83AA7C00B56210 /* SnapshotAnnotationView.h */,
				062CFB021C83AA7C00B56210 /* SnapshotAnnotationView.m */,
			);
			name = controls;
			sourceTree = "<group>";
		};
/* End PBXGroup section */

/* Begin PBXNativeTarget section */
		0628E0EC1C32F4CE00640110 /* AVC Controller */ = {
			isa = PBXNativeTarget;
			buildConfigurationList = 0628E1041C32F4CE00640110 /* Build configuration list for PBXNativeTarget "AVC Controller" */;
			buildPhases = (
				0628E0E91C32F4CE00640110 /* Sources */,
				0628E0EA1C32F4CE00640110 /* Frameworks */,
				0628E0EB1C32F4CE00640110 /* Resources */,
			);
			buildRules = (
			);
			dependencies = (
			);
			name = "AVC Controller";
			productName = "AVC Controller";
			productReference = 0628E0ED1C32F4CE00640110 /* AVC Controller.app */;
			productType = "com.apple.product-type.application";
		};
/* End PBXNativeTarget section */

/* Begin PBXProject section */
		0628E0E51C32F4CE00640110 /* Project object */ = {
			isa = PBXProject;
			attributes = {
				LastUpgradeCheck = 0710;
				ORGANIZATIONNAME = PossomGames;
				TargetAttributes = {
					0628E0EC1C32F4CE00640110 = {
						CreatedOnToolsVersion = 7.1;
					};
				};
			};
			buildConfigurationList = 0628E0E81C32F4CE00640110 /* Build configuration list for PBXProject "AVC Controller" */;
			compatibilityVersion = "Xcode 3.2";
			developmentRegion = English;
			hasScannedForEncodings = 0;
			knownRegions = (
				en,
				Base,
			);
			mainGroup = 0628E0E41C32F4CE00640110;
			productRefGroup = 0628E0EE1C32F4CE00640110 /* Products */;
			projectDirPath = "";
			projectRoot = "";
			targets = (
				0628E0EC1C32F4CE00640110 /* AVC Controller */,
			);
		};
/* End PBXProject section */

/* Begin PBXResourcesBuildPhase section */
		0628E0EB1C32F4CE00640110 /* Resources */ = {
			isa = PBXResourcesBuildPhase;
			buildActionMask = 2147483647;
			files = (
				0628E1001C32F4CE00640110 /* LaunchScreen.storyboard in Resources */,
				0628E0FD1C32F4CE00640110 /* Assets.xcassets in Resources */,
				0628E0FB1C32F4CE00640110 /* Main.storyboard in Resources */,
				06F9654C1C83EF6200A7D304 /* SparkFont.ttf in Resources */,
			);
			runOnlyForDeploymentPostprocessing = 0;
		};
/* End PBXResourcesBuildPhase section */

/* Begin PBXSourcesBuildPhase section */
		0628E0E91C32F4CE00640110 /* Sources */ = {
			isa = PBXSourcesBuildPhase;
			buildActionMask = 2147483647;
			files = (
				062CFB031C83AA7C00B56210 /* SnapshotAnnotationView.m in Sources */,
				0665886E1C43428700EB5E40 /* Errors.m in Sources */,
				06565B591C331EA3008919CF /* ThumbStickControl.m in Sources */,
				0603F17C1C8535AB00867A06 /* WaypointsOverlay.m in Sources */,
				062CFAFD1C83953D00B56210 /* SnapshotMapView.m in Sources */,
				066588681C40D17000EB5E40 /* diagnosticViewController.m in Sources */,
				066588651C407A5200EB5E40 /* PointPlotControl.m in Sources */,
				0665886B1C40D28400EB5E40 /* SensorReadings.m in Sources */,
				0628E0F81C32F4CE00640110 /* ViewController.m in Sources */,
				06031F1B1C39AE8B002EA52F /* Waypoint.m in Sources */,
				06031F181C39AA0E002EA52F /* RouteViewController.m in Sources */,
				0628E0F51C32F4CE00640110 /* AppDelegate.m in Sources */,
				0628E0F21C32F4CE00640110 /* main.m in Sources */,
				0639B3331C488A040084EF76 /* VectorPlotControl.m in Sources */,
			);
			runOnlyForDeploymentPostprocessing = 0;
		};
/* End PBXSourcesBuildPhase section */

/* Begin PBXVariantGroup section */
		0628E0F91C32F4CE00640110 /* Main.storyboard */ = {
			isa = PBXVariantGroup;
			children = (
				0628E0FA1C32F4CE00640110 /* Base */,
			);
			name = Main.storyboard;
			sourceTree = "<group>";
		};
		0628E0FE1C32F4CE00640110 /* LaunchScreen.storyboard */ = {
			isa = PBXVariantGroup;
			children = (
				0628E0FF1C32F4CE00640110 /* Base */,
			);
			name = LaunchScreen.storyboard;
			sourceTree = "<group>";
		};
/* End PBXVariantGroup section */

/* Begin XCBuildConfiguration section */
		0628E1021C32F4CE00640110 /* Debug */ = {
			isa = XCBuildConfiguration;
			buildSettings = {
				ALWAYS_SEARCH_USER_PATHS = NO;
				CLANG_CXX_LANGUAGE_STANDARD = "gnu++0x";
				CLANG_CXX_LIBRARY = "libc++";
				CLANG_ENABLE_MODULES = YES;
				CLANG_ENABLE_OBJC_ARC = YES;
				CLANG_WARN_BOOL_CONVERSION = YES;
				CLANG_WARN_CONSTANT_CONVERSION = YES;
				CLANG_WARN_DIRECT_OBJC_ISA_USAGE = YES_ERROR;
				CLANG_WARN_EMPTY_BODY = YES;
				CLANG_WARN_ENUM_CONVERSION = YES;
				CLANG_WARN_INT_CONVERSION = YES;
				CLANG_WARN_OBJC_ROOT_CLASS = YES_ERROR;
				CLANG_WARN_UNREACHABLE_CODE = YES;
				CLANG_WARN__DUPLICATE_METHOD_MATCH = YES;
				"CODE_SIGN_IDENTITY[sdk=iphoneos*]" = "iPhone Developer";
				COPY_PHASE_STRIP = NO;
				DEBUG_INFORMATION_FORMAT = dwarf;
				ENABLE_STRICT_OBJC_MSGSEND = YES;
				ENABLE_TESTABILITY = YES;
				GCC_C_LANGUAGE_STANDARD = gnu99;
				GCC_DYNAMIC_NO_PIC = NO;
				GCC_NO_COMMON_BLOCKS = YES;
				GCC_OPTIMIZATION_LEVEL = 0;
				GCC_PREPROCESSOR_DEFINITIONS = (
					"DEBUG=1",
					"$(inherited)",
				);
				GCC_WARN_64_TO_32_BIT_CONVERSION = YES;
				GCC_WARN_ABOUT_RETURN_TYPE = YES_ERROR;
				GCC_WARN_UNDECLARED_SELECTOR = YES;
				GCC_WARN_UNINITIALIZED_AUTOS = YES_AGGRESSIVE;
				GCC_WARN_UNUSED_FUNCTION = YES;
				GCC_WARN_UNUSED_VARIABLE = YES;
				IPHONEOS_DEPLOYMENT_TARGET = 9.1;
				MTL_ENABLE_DEBUG_INFO = YES;
				ONLY_ACTIVE_ARCH = YES;
				SDKROOT = iphoneos;
				TARGETED_DEVICE_FAMILY = "1,2";
			};
			name = Debug;
		};
		0628E1031C32F4CE00640110 /* Release */ = {
			isa = XCBuildConfiguration;
			buildSettings = {
				ALWAYS_SEARCH_USER_PATHS = NO;
				CLANG_CXX_LANGUAGE_STANDARD = "gnu++0x";
				CLANG_CXX_LIBRARY = "libc++";
				CLANG_ENABLE_MODULES = YES;
				CLANG_ENABLE_OBJC_ARC = YES;
				CLANG_WARN_BOOL_CONVERSION = YES;
				CLANG_WARN_CONSTANT_CONVERSION = YES;
				CLANG_WARN_DIRECT_OBJC_ISA_USAGE = YES_ERROR;
				CLANG_WARN_EMPTY_BODY = YES;
				CLANG_WARN_ENUM_CONVERSION = YES;
				CLANG_WARN_INT_CONVERSION = YES;
				CLANG_WARN_OBJC_ROOT_CLASS = YES_ERROR;
				CLANG_WARN_UNREACHABLE_CODE = YES;
				CLANG_WARN__DUPLICATE_METHOD_MATCH = YES;
				"CODE_SIGN_IDENTITY[sdk=iphoneos*]" = "iPhone Developer";
				COPY_PHASE_STRIP = NO;
				DEBUG_INFORMATION_FORMAT = "dwarf-with-dsym";
				ENABLE_NS_ASSERTIONS = NO;
				ENABLE_STRICT_OBJC_MSGSEND = YES;
				GCC_C_LANGUAGE_STANDARD = gnu99;
				GCC_NO_COMMON_BLOCKS = YES;
				GCC_WARN_64_TO_32_BIT_CONVERSION = YES;
				GCC_WARN_ABOUT_RETURN_TYPE = YES_ERROR;
				GCC_WARN_UNDECLARED_SELECTOR = YES;
				GCC_WARN_UNINITIALIZED_AUTOS = YES_AGGRESSIVE;
				GCC_WARN_UNUSED_FUNCTION = YES;
				GCC_WARN_UNUSED_VARIABLE = YES;
				IPHONEOS_DEPLOYMENT_TARGET = 9.1;
				MTL_ENABLE_DEBUG_INFO = NO;
				SDKROOT = iphoneos;
				TARGETED_DEVICE_FAMILY = "1,2";
				VALIDATE_PRODUCT = YES;
			};
			name = Release;
		};
		0628E1051C32F4CE00640110 /* Debug */ = {
			isa = XCBuildConfiguration;
			buildSettings = {
				ASSETCATALOG_COMPILER_APPICON_NAME = AppIcon;
				HEADER_SEARCH_PATHS = ./../../;
				INFOPLIST_FILE = "AVC Controller/Info.plist";
				LD_RUNPATH_SEARCH_PATHS = "$(inherited) @executable_path/Frameworks";
				PRODUCT_BUNDLE_IDENTIFIER = "PossomGames.AVC-Controller";
				PRODUCT_NAME = "$(TARGET_NAME)";
				USER_HEADER_SEARCH_PATHS = /usr/local/include/;
			};
			name = Debug;
		};
		0628E1061C32F4CE00640110 /* Release */ = {
			isa = XCBuildConfiguration;
			buildSettings = {
				ASSETCATALOG_COMPILER_APPICON_NAME = AppIcon;
				HEADER_SEARCH_PATHS = ./../../;
				INFOPLIST_FILE = "AVC Controller/Info.plist";
				LD_RUNPATH_SEARCH_PATHS = "$(inherited) @executable_path/Frameworks";
				PRODUCT_BUNDLE_IDENTIFIER = "PossomGames.AVC-Controller";
				PRODUCT_NAME = "$(TARGET_NAME)";
				USER_HEADER_SEARCH_PATHS = /usr/local/include/;
			};
			name = Release;
		};
/* End XCBuildConfiguration section */

/* Begin XCConfigurationList section */
		0628E0E81C32F4CE00640110 /* Build configuration list for PBXProject "AVC Controller" */ = {
			isa = XCConfigurationList;
			buildConfigurations = (
				0628E1021C32F4CE00640110 /* Debug */,
				0628E1031C32F4CE00640110 /* Release */,
			);
			defaultConfigurationIsVisible = 0;
			defaultConfigurationName = Release;
		};
		0628E1041C32F4CE00640110 /* Build configuration list for PBXNativeTarget "AVC Controller" */ = {
			isa = XCConfigurationList;
			buildConfigurations = (
				0628E1051C32F4CE00640110 /* Debug */,
				0628E1061C32F4CE00640110 /* Release */,
			);
			defaultConfigurationIsVisible = 0;
			defaultConfigurationName = Release;
		};
/* End XCConfigurationList section */
	};
	rootObject = 0628E0E51C32F4CE00640110 /* Project object */;
}
